
Microsoft Visual Studio Solution File, Format Version 12.00
# Visual Studio Version 17
VisualStudioVersion = 17.8.34322.80
MinimumVisualStudioVersion = 10.0.40219.1
Project("{FAE04EC0-301F-11D3-BF4B-00C04F79EFBC}") = "Presensi", "Presensi\Presensi.csproj", "{2643FDB5-742C-4F09-A816-B3A62519FAA3}"
EndProject
Global
	GlobalSection(SolutionConfigurationPlatforms) = preSolution
		Debug|Any CPU = Debug|Any CPU
		Release|Any CPU = Release|Any CPU
	EndGlobalSection
	GlobalSection(ProjectConfigurationPlatforms) = postSolution
		{2643FDB5-742C-4F09-A816-B3A62519FAA3}.Debug|Any CPU.ActiveCfg = Debug|Any CPU
		{2643FDB5-742C-4F09-A816-B3A62519FAA3}.Debug|Any CPU.Build.0 = Debug|Any CPU
		{2643FDB5-742C-4F09-A816-B3A62519FAA3}.Release|Any CPU.ActiveCfg = Release|Any CPU
		{2643FDB5-742C-4F09-A816-B3A62519FAA3}.Release|Any CPU.Build.0 = Release|Any CPU
	EndGlobalSection
	GlobalSection(SolutionProperties) = preSolution
		HideSolutionNode = FALSE
	EndGlobalSection
	GlobalSection(ExtensibilityGlobals) = postSolution
		SolutionGuid = {226D938A-F250-490F-A3C7-263BD9CF50F4}
	EndGlobalSection
EndGlobal
